
Microsoft Visual Studio Solution File, Format Version 12.00
# Visual Studio Version 16
VisualStudioVersion = 16.0.28729.10
MinimumVisualStudioVersion = 10.0.40219.1
Project("{9A19103F-16F7-4668-BE54-9A1E7A4F7556}") = "Smart", "Smart\Smart.csproj", "{01578278-AD89-49FD-AFB8-EC67F5B9D124}"
EndProject
Project("{2150E333-8FDC-42A3-9474-1A3956D46DE8}") = "Solution Items", "Solution Items", "{26248DF1-DFD9-4C90-B64A-0644C148C5D3}"
	ProjectSection(SolutionItems) = preProject
		.editorconfig = .editorconfig
		.gitattributes = .gitattributes
		.gitignore = .gitignore
		Directory.Build.props = Directory.Build.props
		Directory.Build.targets = Directory.Build.targets
		README.md = README.md
		Smart.ruleset = Smart.ruleset
		Smart.sln.DotSettings = Smart.sln.DotSettings
	EndProjectSection
EndProject
Project("{9A19103F-16F7-4668-BE54-9A1E7A4F7556}") = "Smart.Tests", "Smart.Tests\Smart.Tests.csproj", "{91AE95D3-C4A0-4418-968F-FBC3E0684AAE}"
EndProject
Project("{9A19103F-16F7-4668-BE54-9A1E7A4F7556}") = "Benchmark", "Benchmark\Benchmark.csproj", "{ECFBF3F5-EDC4-4D6F-AA06-F39076835AA4}"
EndProject
Project("{FAE04EC0-301F-11D3-BF4B-00C04F79EFBC}") = "Smart.Converter", "Smart.Converter\Smart.Converter.csproj", "{90351D69-D8A0-4DC6-AEF5-CCC109C2DF64}"
EndProject
Global
	GlobalSection(SolutionConfigurationPlatforms) = preSolution
		Debug|Any CPU = Debug|Any CPU
		Release|Any CPU = Release|Any CPU
	EndGlobalSection
	GlobalSection(ProjectConfigurationPlatforms) = postSolution
		{01578278-AD89-49FD-AFB8-EC67F5B9D124}.Debug|Any CPU.ActiveCfg = Debug|Any CPU
		{01578278-AD89-49FD-AFB8-EC67F5B9D124}.Debug|Any CPU.Build.0 = Debug|Any CPU
		{01578278-AD89-49FD-AFB8-EC67F5B9D124}.Release|Any CPU.ActiveCfg = Release|Any CPU
		{01578278-AD89-49FD-AFB8-EC67F5B9D124}.Release|Any CPU.Build.0 = Release|Any CPU
		{91AE95D3-C4A0-4418-968F-FBC3E0684AAE}.Debug|Any CPU.ActiveCfg = Debug|Any CPU
		{91AE95D3-C4A0-4418-968F-FBC3E0684AAE}.Debug|Any CPU.Build.0 = Debug|Any CPU
		{91AE95D3-C4A0-4418-968F-FBC3E0684AAE}.Release|Any CPU.ActiveCfg = Release|Any CPU
		{91AE95D3-C4A0-4418-968F-FBC3E0684AAE}.Release|Any CPU.Build.0 = Release|Any CPU
		{ECFBF3F5-EDC4-4D6F-AA06-F39076835AA4}.Debug|Any CPU.ActiveCfg = Debug|Any CPU
		{ECFBF3F5-EDC4-4D6F-AA06-F39076835AA4}.Debug|Any CPU.Build.0 = Debug|Any CPU
		{ECFBF3F5-EDC4-4D6F-AA06-F39076835AA4}.Release|Any CPU.ActiveCfg = Release|Any CPU
		{ECFBF3F5-EDC4-4D6F-AA06-F39076835AA4}.Release|Any CPU.Build.0 = Release|Any CPU
		{90351D69-D8A0-4DC6-AEF5-CCC109C2DF64}.Debug|Any CPU.ActiveCfg = Debug|Any CPU
		{90351D69-D8A0-4DC6-AEF5-CCC109C2DF64}.Debug|Any CPU.Build.0 = Debug|Any CPU
		{90351D69-D8A0-4DC6-AEF5-CCC109C2DF64}.Release|Any CPU.ActiveCfg = Release|Any CPU
		{90351D69-D8A0-4DC6-AEF5-CCC109C2DF64}.Release|Any CPU.Build.0 = Release|Any CPU
	EndGlobalSection
	GlobalSection(SolutionProperties) = preSolution
		HideSolutionNode = FALSE
	EndGlobalSection
	GlobalSection(ExtensibilityGlobals) = postSolution
		SolutionGuid = {61D1ED03-42C8-4F1B-9EAA-2D7CA057778E}
		        SolutionGuid = {52B63D4F-8BD1-434E-94B0-3A6D17CE9C45}
	EndGlobalSection
EndGlobal
